
Microsoft Visual Studio Solution File, Format Version 12.00
# Visual Studio Version 17
VisualStudioVersion = 17.7.34302.85
MinimumVisualStudioVersion = 10.0.40219.1
Project("{FAE04EC0-301F-11D3-BF4B-00C04F79EFBC}") = "DAL", "DAL\DAL.csproj", "{446F92C1-6546-40A1-A1A2-72A8A7630FE0}"
EndProject
Project("{FAE04EC0-301F-11D3-BF4B-00C04F79EFBC}") = "UI", "UI\UI.csproj", "{500E7087-FAA1-48CF-A4A9-B2D4BA7285FB}"
EndProject
Project("{FAE04EC0-301F-11D3-BF4B-00C04F79EFBC}") = "InsuranceServiceLayer", "InsuranceServiceLayer\InsuranceServiceLayer.csproj", "{5408DA4E-65D8-40CB-A598-7CF9D24981C3}"
EndProject
Project("{9A19103F-16F7-4668-BE54-9A1E7A4F7556}") = "NunitInsurance", "NunitInsurance\NunitInsurance.csproj", "{615FF10F-D679-46D6-8F85-43186EF0C938}"
EndProject
Global
	GlobalSection(SolutionConfigurationPlatforms) = preSolution
		Debug|Any CPU = Debug|Any CPU
		Release|Any CPU = Release|Any CPU
	EndGlobalSection
	GlobalSection(ProjectConfigurationPlatforms) = postSolution
		{446F92C1-6546-40A1-A1A2-72A8A7630FE0}.Debug|Any CPU.ActiveCfg = Debug|Any CPU
		{446F92C1-6546-40A1-A1A2-72A8A7630FE0}.Debug|Any CPU.Build.0 = Debug|Any CPU
		{446F92C1-6546-40A1-A1A2-72A8A7630FE0}.Release|Any CPU.ActiveCfg = Release|Any CPU
		{446F92C1-6546-40A1-A1A2-72A8A7630FE0}.Release|Any CPU.Build.0 = Release|Any CPU
		{500E7087-FAA1-48CF-A4A9-B2D4BA7285FB}.Debug|Any CPU.ActiveCfg = Debug|Any CPU
		{500E7087-FAA1-48CF-A4A9-B2D4BA7285FB}.Debug|Any CPU.Build.0 = Debug|Any CPU
		{500E7087-FAA1-48CF-A4A9-B2D4BA7285FB}.Release|Any CPU.ActiveCfg = Release|Any CPU
		{500E7087-FAA1-48CF-A4A9-B2D4BA7285FB}.Release|Any CPU.Build.0 = Release|Any CPU
		{5408DA4E-65D8-40CB-A598-7CF9D24981C3}.Debug|Any CPU.ActiveCfg = Debug|Any CPU
		{5408DA4E-65D8-40CB-A598-7CF9D24981C3}.Debug|Any CPU.Build.0 = Debug|Any CPU
		{5408DA4E-65D8-40CB-A598-7CF9D24981C3}.Release|Any CPU.ActiveCfg = Release|Any CPU
		{5408DA4E-65D8-40CB-A598-7CF9D24981C3}.Release|Any CPU.Build.0 = Release|Any CPU
		{615FF10F-D679-46D6-8F85-43186EF0C938}.Debug|Any CPU.ActiveCfg = Debug|Any CPU
		{615FF10F-D679-46D6-8F85-43186EF0C938}.Debug|Any CPU.Build.0 = Debug|Any CPU
		{615FF10F-D679-46D6-8F85-43186EF0C938}.Release|Any CPU.ActiveCfg = Release|Any CPU
		{615FF10F-D679-46D6-8F85-43186EF0C938}.Release|Any CPU.Build.0 = Release|Any CPU
	EndGlobalSection
	GlobalSection(SolutionProperties) = preSolution
		HideSolutionNode = FALSE
	EndGlobalSection
	GlobalSection(ExtensibilityGlobals) = postSolution
		SolutionGuid = {13C12A78-A0E6-4EFB-97E7-7EAB8C23569F}
	EndGlobalSection
EndGlobal
